{
  "R": {
    "Version": "4.6.0",
    "Repositories": [
      {
        "Name": "CRAN",
        "URL": "https://cloud.r-project.org"
      }
    ]
  },
  "Packages": {
    "backports": {
      "Package": "backports",
      "Version": "1.5.1",
      "Source": "Repository",
      "Repository": "CRAN"
    },
    "base64enc": {
      "Package": "base64enc",
      "Version": "0.1-6",
      "Source": "Repository",
      "Repository": "CRAN"
    },
    "base64url": {
      "Package": "base64url",
      "Version": "1.4",
      "Source": "Repository",
      "Repository": "CRAN"
    },
    "bbotk": {
      "Package": "bbotk",
      "Version": "1.13.0",
      "Source": "Repository",
      "Repository": "CRAN"
    },
    "bigD": {
      "Package": "bigD",
      "Version": "0.3.1",
      "Source": "Repository",
      "Repository": "RSPM"
    },
    "bitops": {
      "Package": "bitops",
      "Version": "1.1-0",
      "Source": "Repository",
      "Repository": "RSPM"
    },
    "brio": {
      "Package": "brio",
      "Version": "1.1.5",
      "Source": "Repository",
      "Repository": "CRAN"
    },
    "bslib": {
      "Package": "bslib",
      "Version": "0.12.0",
      "Source": "Repository",
      "Repository": "CRAN"
    },
    "cachem": {
      "Package": "cachem",
      "Version": "1.1.0",
      "Source": "Repository",
      "Repository": "CRAN"
    },
    "callr": {
      "Package": "callr",
      "Version": "3.8.0",
      "Source": "Repository",
      "Repository": "CRAN"
    },
    "caret": {
      "Package": "caret",
      "Version": "7.0-1",
      "Source": "Repository",
      "Repository": "CRAN"
    },
    "CAST": {
      "Package": "CAST",
      "Version": "1.1.2",
      "Source": "Repository",
      "Repository": "CRAN"
    },
    "cellranger": {
      "Package": "cellranger",
      "Version": "1.1.0",
      "Source": "Repository",
      "Repository": "CRAN"
    },
    "checkmate": {
      "Package": "checkmate",
      "Version": "2.3.4",
      "Source": "Repository",
      "Repository": "CRAN"
    },
    "class": {
      "Package": "class",
      "Version": "7.3-24",
      "Source": "Repository",
      "Repository": "CRAN"
    },
    "classInt": {
      "Package": "classInt",
      "Version": "0.4-11",
      "Source": "Repository",
      "Repository": "CRAN"
    },
    "cli": {
      "Package": "cli",
      "Version": "3.6.6",
      "Source": "Repository",
      "Repository": "CRAN"
    },
    "clock": {
      "Package": "clock",
      "Version": "0.7.4",
      "Source": "Repository",
      "Repository": "CRAN"
    },
    "cluster": {
      "Package": "cluster",
      "Version": "2.1.8.3",
      "Source": "Repository",
      "Repository": "CRAN"
    },
    "cmprsk": {
      "Package": "cmprsk",
      "Version": "2.2-12",
      "Source": "Repository",
      "Repository": "CRAN"
    },
    "codetools": {
      "Package": "codetools",
      "Version": "0.2-20",
      "Source": "Repository",
      "Repository": "CRAN"
    },
    "collections": {
      "Package": "collections",
      "Version": "0.3.12",
      "Source": "Repository",
      "Repository": "CRAN"
    },
    "colorspace": {
      "Package": "colorspace",
      "Version": "2.1-3",
      "Source": "Repository",
      "Repository": "CRAN"
    },
    "commonmark": {
      "Package": "commonmark",
      "Version": "2.0.0",
      "Source": "Repository",
      "Repository": "RSPM"
    },
    "cpp11": {
      "Package": "cpp11",
      "Version": "0.5.5",
      "Source": "Repository",
      "Repository": "CRAN"
    },
    "crayon": {
      "Package": "crayon",
      "Version": "1.5.3",
      "Source": "Repository",
      "Repository": "CRAN"
    },
    "crew": {
      "Package": "crew",
      "Version": "1.3.3",
      "Source": "Repository",
      "Repository": "CRAN"
    },
    "crosstalk": {
      "Package": "crosstalk",
      "Version": "1.2.2",
      "Source": "Repository",
      "Repository": "RSPM"
    },
    "curl": {
      "Package": "curl",
      "Version": "8.0.0",
      "Source": "Repository",
      "Repository": "CRAN"
    },
    "data.table": {
      "Package": "data.table",
      "Version": "1.18.6.1",
      "Source": "Repository",
      "Repository": "CRAN"
    },
    "DBI": {
      "Package": "DBI",
      "Version": "1.3.0",
      "Source": "Repository",
      "Repository": "CRAN"
    },
    "desc": {
      "Package": "desc",
      "Version": "1.4.3",
      "Source": "Repository",
      "Repository": "CRAN"
    },
    "diagram": {
      "Package": "diagram",
      "Version": "1.6.5",
      "Source": "Repository",
      "Repository": "CRAN"
    },
    "DiceKriging": {
      "Package": "DiceKriging",
      "Version": "1.6.1",
      "Source": "Repository",
      "Repository": "CRAN"
    },
    "dictionar6": {
      "Package": "dictionar6",
      "Version": "0.1.3",
      "Source": "GitHub",
      "RemoteType": "github",
      "RemoteHost": "api.github.com",
      "RemoteUsername": "mlr-org",
      "RemoteRepo": "dictionar6",
      "RemoteRef": "8c550ba46825c894c62b81f92e3e2d62c79cc7f2",
      "RemoteSha": "8c550ba46825c894c62b81f92e3e2d62c79cc7f2"
    },
    "diffobj": {
      "Package": "diffobj",
      "Version": "0.3.9",
      "Source": "Repository",
      "Repository": "CRAN"
    },
    "digest": {
      "Package": "digest",
      "Version": "0.6.39",
      "Source": "Repository",
      "Repository": "CRAN"
    },
    "distr6": {
      "Package": "distr6",
      "Version": "1.8.4",
      "Source": "GitHub",
      "RemoteType": "github",
      "RemoteHost": "api.github.com",
      "RemoteUsername": "mlr-org",
      "RemoteRepo": "distr6",
      "RemoteRef": "52ec317e549c234361eee139ca2e5aefd283690d",
      "RemoteSha": "52ec317e549c234361eee139ca2e5aefd283690d"
    },
    "doParallel": {
      "Package": "doParallel",
      "Version": "1.0.17",
      "Source": "Repository",
      "Repository": "CRAN"
    },
    "dplyr": {
      "Package": "dplyr",
      "Version": "1.2.1",
      "Source": "Repository",
      "Repository": "CRAN"
    },
    "DT": {
      "Package": "DT",
      "Version": "0.34.0",
      "Source": "Repository",
      "Repository": "RSPM"
    },
    "e1071": {
      "Package": "e1071",
      "Version": "1.7-17",
      "Source": "Repository",
      "Repository": "CRAN"
    },
    "evaluate": {
      "Package": "evaluate",
      "Version": "1.0.5",
      "Source": "Repository",
      "Repository": "CRAN"
    },
    "exactextractr": {
      "Package": "exactextractr",
      "Version": "0.10.1",
      "Source": "Repository",
      "Repository": "CRAN"
    },
    "farver": {
      "Package": "farver",
      "Version": "2.1.2",
      "Source": "Repository",
      "Repository": "CRAN"
    },
    "fastmap": {
      "Package": "fastmap",
      "Version": "1.2.0",
      "Source": "Repository",
      "Repository": "CRAN"
    },
    "FNN": {
      "Package": "FNN",
      "Version": "1.1.4.1",
      "Source": "Repository",
      "Repository": "CRAN"
    },
    "fontawesome": {
      "Package": "fontawesome",
      "Version": "0.5.3",
      "Source": "Repository",
      "Repository": "CRAN"
    },
    "foreach": {
      "Package": "foreach",
      "Version": "1.5.2",
      "Source": "Repository",
      "Repository": "CRAN"
    },
    "foreign": {
      "Package": "foreign",
      "Version": "0.8-91",
      "Source": "Repository",
      "Repository": "CRAN"
    },
    "Formula": {
      "Package": "Formula",
      "Version": "1.2-6",
      "Source": "Repository",
      "Repository": "CRAN"
    },
    "fs": {
      "Package": "fs",
      "Version": "2.1.0",
      "Source": "Repository",
      "Repository": "CRAN"
    },
    "future": {
      "Package": "future",
      "Version": "1.75.0",
      "Source": "Repository",
      "Repository": "CRAN"
    },
    "future.apply": {
      "Package": "future.apply",
      "Version": "1.20.2",
      "Source": "Repository",
      "Repository": "CRAN"
    },
    "generics": {
      "Package": "generics",
      "Version": "0.1.4",
      "Source": "Repository",
      "Repository": "CRAN"
    },
    "ggplot2": {
      "Package": "ggplot2",
      "Version": "4.0.3",
      "Source": "Repository",
      "Repository": "CRAN"
    },
    "glmnet": {
      "Package": "glmnet",
      "Version": "5.0",
      "Source": "Repository",
      "Repository": "CRAN"
    },
    "globals": {
      "Package": "globals",
      "Version": "0.19.1",
      "Source": "Repository",
      "Repository": "CRAN"
    },
    "glue": {
      "Package": "glue",
      "Version": "1.8.1",
      "Source": "Repository",
      "Repository": "CRAN"
    },
    "gower": {
      "Package": "gower",
      "Version": "1.0.2",
      "Source": "Repository",
      "Repository": "CRAN"
    },
    "gridExtra": {
      "Package": "gridExtra",
      "Version": "2.3.1",
      "Source": "Repository",
      "Repository": "CRAN"
    },
    "gt": {
      "Package": "gt",
      "Version": "1.3.0",
      "Source": "Repository",
      "Repository": "RSPM"
    },
    "gtable": {
      "Package": "gtable",
      "Version": "0.3.6",
      "Source": "Repository",
      "Repository": "CRAN"
    },
    "hardhat": {
      "Package": "hardhat",
      "Version": "1.4.3",
      "Source": "Repository",
      "Repository": "CRAN"
    },
    "highr": {
      "Package": "highr",
      "Version": "0.12",
      "Source": "Repository",
      "Repository": "CRAN"
    },
    "Hmisc": {
      "Package": "Hmisc",
      "Version": "5.3-0",
      "Source": "Repository",
      "Repository": "CRAN"
    },
    "hms": {
      "Package": "hms",
      "Version": "1.1.4",
      "Source": "Repository",
      "Repository": "CRAN"
    },
    "htmlTable": {
      "Package": "htmlTable",
      "Version": "2.5.0",
      "Source": "Repository",
      "Repository": "CRAN"
    },
    "htmltools": {
      "Package": "htmltools",
      "Version": "0.5.9",
      "Source": "Repository",
      "Repository": "CRAN"
    },
    "htmlwidgets": {
      "Package": "htmlwidgets",
      "Version": "1.6.4",
      "Source": "Repository",
      "Repository": "CRAN"
    },
    "httpuv": {
      "Package": "httpuv",
      "Version": "1.6.17",
      "Source": "Repository",
      "Repository": "RSPM"
    },
    "igraph": {
      "Package": "igraph",
      "Version": "2.3.3",
      "Source": "Repository",
      "Repository": "CRAN"
    },
    "ipred": {
      "Package": "ipred",
      "Version": "0.9-16",
      "Source": "Repository",
      "Repository": "CRAN"
    },
    "isoband": {
      "Package": "isoband",
      "Version": "0.3.0",
      "Source": "Repository",
      "Repository": "CRAN"
    },
    "iterators": {
      "Package": "iterators",
      "Version": "1.0.14",
      "Source": "Repository",
      "Repository": "CRAN"
    },
    "jquerylib": {
      "Package": "jquerylib",
      "Version": "0.1.4",
      "Source": "Repository",
      "Repository": "CRAN"
    },
    "jsonlite": {
      "Package": "jsonlite",
      "Version": "2.0.0",
      "Source": "Repository",
      "Repository": "CRAN"
    },
    "juicyjuice": {
      "Package": "juicyjuice",
      "Version": "0.1.0",
      "Source": "Repository",
      "Repository": "RSPM"
    },
    "KernSmooth": {
      "Package": "KernSmooth",
      "Version": "2.23-27",
      "Source": "Repository",
      "Repository": "CRAN"
    },
    "knitr": {
      "Package": "knitr",
      "Version": "1.52",
      "Source": "Repository",
      "Repository": "CRAN"
    },
    "labeling": {
      "Package": "labeling",
      "Version": "0.4.3",
      "Source": "Repository",
      "Repository": "CRAN"
    },
    "later": {
      "Package": "later",
      "Version": "1.4.8",
      "Source": "Repository",
      "Repository": "CRAN"
    },
    "lattice": {
      "Package": "lattice",
      "Version": "0.23-1",
      "Source": "Repository",
      "Repository": "CRAN"
    },
    "lava": {
      "Package": "lava",
      "Version": "1.9.3",
      "Source": "Repository",
      "Repository": "CRAN"
    },
    "lazyeval": {
      "Package": "lazyeval",
      "Version": "0.2.3",
      "Source": "Repository",
      "Repository": "RSPM"
    },
    "lgr": {
      "Package": "lgr",
      "Version": "0.5.2",
      "Source": "Repository",
      "Repository": "CRAN"
    },
    "lifecycle": {
      "Package": "lifecycle",
      "Version": "1.0.5",
      "Source": "Repository",
      "Repository": "CRAN"
    },
    "lightgbm": {
      "Package": "lightgbm",
      "Version": "4.7.0",
      "Source": "Repository",
      "Repository": "CRAN"
    },
    "listenv": {
      "Package": "listenv",
      "Version": "1.0.0",
      "Source": "Repository",
      "Repository": "CRAN"
    },
    "litedown": {
      "Package": "litedown",
      "Version": "0.11",
      "Source": "Repository",
      "Repository": "CRAN"
    },
    "lubridate": {
      "Package": "lubridate",
      "Version": "1.9.5",
      "Source": "Repository",
      "Repository": "CRAN"
    },
    "magrittr": {
      "Package": "magrittr",
      "Version": "2.0.5",
      "Source": "Repository",
      "Repository": "CRAN"
    },
    "markdown": {
      "Package": "markdown",
      "Version": "2.0",
      "Source": "Repository",
      "Repository": "RSPM"
    },
    "MASS": {
      "Package": "MASS",
      "Version": "7.3-66",
      "Source": "Repository",
      "Repository": "CRAN"
    },
    "Matrix": {
      "Package": "Matrix",
      "Version": "1.7-6",
      "Source": "Repository",
      "Repository": "CRAN"
    },
    "MatrixModels": {
      "Package": "MatrixModels",
      "Version": "0.5-4",
      "Source": "Repository",
      "Repository": "CRAN"
    },
    "matrixStats": {
      "Package": "matrixStats",
      "Version": "1.5.0",
      "Source": "Repository",
      "Repository": "CRAN"
    },
    "memoise": {
      "Package": "memoise",
      "Version": "2.0.1",
      "Source": "Repository",
      "Repository": "CRAN"
    },
    "mets": {
      "Package": "mets",
      "Version": "1.3.12",
      "Source": "Repository",
      "Repository": "CRAN"
    },
    "mime": {
      "Package": "mime",
      "Version": "0.13",
      "Source": "Repository",
      "Repository": "CRAN"
    },
    "mirai": {
      "Package": "mirai",
      "Version": "2.7.2",
      "Source": "Repository",
      "Repository": "CRAN"
    },
    "mlbench": {
      "Package": "mlbench",
      "Version": "2.1-11",
      "Source": "Repository",
      "Repository": "CRAN"
    },
    "mlr3": {
      "Package": "mlr3",
      "Version": "1.8.0",
      "Source": "Repository",
      "Repository": "CRAN"
    },
    "mlr3cmprsk": {
      "Package": "mlr3cmprsk",
      "Version": "0.0.5",
      "Source": "GitHub",
      "RemoteType": "github",
      "RemoteHost": "api.github.com",
      "RemoteUsername": "mlr-org",
      "RemoteRepo": "mlr3cmprsk",
      "RemoteRef": "de51006a1e417469a34d365763b201110e2966cf",
      "RemoteSha": "de51006a1e417469a34d365763b201110e2966cf"
    },
    "mlr3extralearners": {
      "Package": "mlr3extralearners",
      "Version": "1.6.0.9000",
      "Source": "GitHub",
      "RemoteType": "github",
      "RemoteHost": "api.github.com",
      "RemoteUsername": "mlr-org",
      "RemoteRepo": "mlr3extralearners",
      "RemoteRef": "8f53c21292f2a986c77201f0e4cde1ee30466b80",
      "RemoteSha": "8f53c21292f2a986c77201f0e4cde1ee30466b80"
    },
    "mlr3filters": {
      "Package": "mlr3filters",
      "Version": "0.9.1",
      "Source": "Repository",
      "Repository": "CRAN"
    },
    "mlr3learners": {
      "Package": "mlr3learners",
      "Version": "0.16.0",
      "Source": "Repository",
      "Repository": "CRAN"
    },
    "mlr3mbo": {
      "Package": "mlr3mbo",
      "Version": "1.2.1",
      "Source": "Repository",
      "Repository": "CRAN"
    },
    "mlr3measures": {
      "Package": "mlr3measures",
      "Version": "1.3.0",
      "Source": "Repository",
      "Repository": "CRAN"
    },
    "mlr3misc": {
      "Package": "mlr3misc",
      "Version": "0.23.0",
      "Source": "Repository",
      "Repository": "CRAN"
    },
    "mlr3pipelines": {
      "Package": "mlr3pipelines",
      "Version": "0.12.0",
      "Source": "Repository",
      "Repository": "CRAN"
    },
    "mlr3proba": {
      "Package": "mlr3proba",
      "Version": "0.8.10",
      "Source": "GitHub",
      "RemoteType": "github",
      "RemoteHost": "api.github.com",
      "RemoteUsername": "mlr-org",
      "RemoteRepo": "mlr3proba",
      "RemoteRef": "327d0503b40b9373caa24d0326c1f8b2a5356415",
      "RemoteSha": "327d0503b40b9373caa24d0326c1f8b2a5356415"
    },
    "mlr3spatiotempcv": {
      "Package": "mlr3spatiotempcv",
      "Version": "2.3.5",
      "Source": "Repository",
      "Repository": "CRAN"
    },
    "mlr3tuning": {
      "Package": "mlr3tuning",
      "Version": "1.7.0",
      "Source": "Repository",
      "Repository": "CRAN"
    },
    "mlr3tuningspaces": {
      "Package": "mlr3tuningspaces",
      "Version": "0.7.0",
      "Source": "Repository",
      "Repository": "CRAN"
    },
    "mlr3viz": {
      "Package": "mlr3viz",
      "Version": "0.11.1",
      "Source": "Repository",
      "Repository": "CRAN"
    },
    "ModelMetrics": {
      "Package": "ModelMetrics",
      "Version": "1.2.2.2",
      "Source": "Repository",
      "Repository": "CRAN"
    },
    "moocore": {
      "Package": "moocore",
      "Version": "0.3.2",
      "Source": "Repository",
      "Repository": "CRAN"
    },
    "multcomp": {
      "Package": "multcomp",
      "Version": "1.4-32",
      "Source": "Repository",
      "Repository": "CRAN"
    },
    "mvtnorm": {
      "Package": "mvtnorm",
      "Version": "1.4-2",
      "Source": "Repository",
      "Repository": "CRAN"
    },
    "nanonext": {
      "Package": "nanonext",
      "Version": "1.10.2",
      "Source": "Repository",
      "Repository": "CRAN"
    },
    "nlme": {
      "Package": "nlme",
      "Version": "3.1-171",
      "Source": "Repository",
      "Repository": "CRAN"
    },
    "nnet": {
      "Package": "nnet",
      "Version": "7.3-21",
      "Source": "Repository",
      "Repository": "CRAN"
    },
    "numDeriv": {
      "Package": "numDeriv",
      "Version": "2016.8-1.1",
      "Source": "Repository",
      "Repository": "CRAN"
    },
    "ooplah": {
      "Package": "ooplah",
      "Version": "0.2.0",
      "Source": "GitHub",
      "RemoteType": "github",
      "RemoteHost": "api.github.com",
      "RemoteUsername": "mlr-org",
      "RemoteRepo": "ooplah",
      "RemoteRef": "4d88a65d349ba524060229704adcee25ec7bf4f8",
      "RemoteSha": "4d88a65d349ba524060229704adcee25ec7bf4f8"
    },
    "otel": {
      "Package": "otel",
      "Version": "0.2.0",
      "Source": "Repository",
      "Repository": "CRAN"
    },
    "palmerpenguins": {
      "Package": "palmerpenguins",
      "Version": "0.1.1",
      "Source": "Repository",
      "Repository": "CRAN"
    },
    "paradox": {
      "Package": "paradox",
      "Version": "1.0.1",
      "Source": "Repository",
      "Repository": "CRAN"
    },
    "parallelly": {
      "Package": "parallelly",
      "Version": "1.48.0",
      "Source": "Repository",
      "Repository": "CRAN"
    },
    "param6": {
      "Package": "param6",
      "Version": "0.2.4",
      "Source": "GitHub",
      "RemoteType": "github",
      "RemoteHost": "api.github.com",
      "RemoteUsername": "mlr-org",
      "RemoteRepo": "param6",
      "RemoteRef": "82a11d441863bad20a5837ec63eff3b8f2bbbc6b",
      "RemoteSha": "82a11d441863bad20a5837ec63eff3b8f2bbbc6b"
    },
    "patchwork": {
      "Package": "patchwork",
      "Version": "1.3.2",
      "Source": "Repository",
      "Repository": "CRAN"
    },
    "pillar": {
      "Package": "pillar",
      "Version": "1.11.1",
      "Source": "Repository",
      "Repository": "CRAN"
    },
    "pkgbuild": {
      "Package": "pkgbuild",
      "Version": "1.4.8",
      "Source": "Repository",
      "Repository": "CRAN"
    },
    "pkgconfig": {
      "Package": "pkgconfig",
      "Version": "2.0.3",
      "Source": "Repository",
      "Repository": "CRAN"
    },
    "pkgload": {
      "Package": "pkgload",
      "Version": "1.5.3",
      "Source": "Repository",
      "Repository": "CRAN"
    },
    "plotrix": {
      "Package": "plotrix",
      "Version": "3.8-14",
      "Source": "Repository",
      "Repository": "CRAN"
    },
    "plyr": {
      "Package": "plyr",
      "Version": "1.8.9",
      "Source": "Repository",
      "Repository": "CRAN"
    },
    "polspline": {
      "Package": "polspline",
      "Version": "1.1.25",
      "Source": "Repository",
      "Repository": "CRAN"
    },
    "praise": {
      "Package": "praise",
      "Version": "1.0.0",
      "Source": "Repository",
      "Repository": "CRAN"
    },
    "prettyunits": {
      "Package": "prettyunits",
      "Version": "1.2.0",
      "Source": "Repository",
      "Repository": "CRAN"
    },
    "pROC": {
      "Package": "pROC",
      "Version": "1.19.1",
      "Source": "Repository",
      "Repository": "CRAN"
    },
    "processx": {
      "Package": "processx",
      "Version": "3.9.0",
      "Source": "Repository",
      "Repository": "CRAN"
    },
    "prodlim": {
      "Package": "prodlim",
      "Version": "2026.03.11",
      "Source": "Repository",
      "Repository": "CRAN"
    },
    "progress": {
      "Package": "progress",
      "Version": "1.2.3",
      "Source": "Repository",
      "Repository": "CRAN"
    },
    "progressr": {
      "Package": "progressr",
      "Version": "1.0.0",
      "Source": "Repository",
      "Repository": "CRAN"
    },
    "promises": {
      "Package": "promises",
      "Version": "1.5.0",
      "Source": "Repository",
      "Repository": "CRAN"
    },
    "proxy": {
      "Package": "proxy",
      "Version": "0.4-29",
      "Source": "Repository",
      "Repository": "CRAN"
    },
    "PRROC": {
      "Package": "PRROC",
      "Version": "1.4",
      "Source": "Repository",
      "Repository": "CRAN"
    },
    "ps": {
      "Package": "ps",
      "Version": "1.9.3",
      "Source": "Repository",
      "Repository": "CRAN"
    },
    "Publish": {
      "Package": "Publish",
      "Version": "2025.07.24",
      "Source": "Repository",
      "Repository": "CRAN"
    },
    "purrr": {
      "Package": "purrr",
      "Version": "1.2.2",
      "Source": "Repository",
      "Repository": "CRAN"
    },
    "qs2": {
      "Package": "qs2",
      "Version": "0.3.1",
      "Source": "Repository",
      "Repository": "CRAN"
    },
    "quantreg": {
      "Package": "quantreg",
      "Version": "6.1",
      "Source": "Repository",
      "Repository": "CRAN"
    },
    "quarto": {
      "Package": "quarto",
      "Version": "1.5.1",
      "Source": "Repository",
      "Repository": "CRAN"
    },
    "R6": {
      "Package": "R6",
      "Version": "2.6.1",
      "Source": "Repository",
      "Repository": "CRAN"
    },
    "ranger": {
      "Package": "ranger",
      "Version": "0.18.0",
      "Source": "Repository",
      "Repository": "CRAN"
    },
    "rappdirs": {
      "Package": "rappdirs",
      "Version": "0.3.4",
      "Source": "Repository",
      "Repository": "CRAN"
    },
    "raster": {
      "Package": "raster",
      "Version": "3.6-32",
      "Source": "Repository",
      "Repository": "CRAN"
    },
    "rbibutils": {
      "Package": "rbibutils",
      "Version": "2.4.1",
      "Source": "Repository",
      "Repository": "CRAN"
    },
    "RColorBrewer": {
      "Package": "RColorBrewer",
      "Version": "1.1-3",
      "Source": "Repository",
      "Repository": "CRAN"
    },
    "Rcpp": {
      "Package": "Rcpp",
      "Version": "1.1.2",
      "Source": "Repository",
      "Repository": "RSPM"
    },
    "RcppArmadillo": {
      "Package": "RcppArmadillo",
      "Version": "15.6.0-1",
      "Source": "Repository",
      "Repository": "CRAN"
    },
    "RcppEigen": {
      "Package": "RcppEigen",
      "Version": "0.3.4.0.2",
      "Source": "Repository",
      "Repository": "CRAN"
    },
    "RcppParallel": {
      "Package": "RcppParallel",
      "Version": "6.2.1",
      "Source": "Repository",
      "Repository": "CRAN"
    },
    "Rdpack": {
      "Package": "Rdpack",
      "Version": "2.6.6",
      "Source": "Repository",
      "Repository": "CRAN"
    },
    "reactable": {
      "Package": "reactable",
      "Version": "0.4.5",
      "Source": "Repository",
      "Repository": "RSPM"
    },
    "reactR": {
      "Package": "reactR",
      "Version": "0.6.1",
      "Source": "Repository",
      "Repository": "RSPM"
    },
    "readxl": {
      "Package": "readxl",
      "Version": "1.5.0.1",
      "Source": "Repository",
      "Repository": "CRAN"
    },
    "recipes": {
      "Package": "recipes",
      "Version": "1.4.0",
      "Source": "Repository",
      "Repository": "CRAN"
    },
    "rematch": {
      "Package": "rematch",
      "Version": "2.0.0",
      "Source": "Repository",
      "Repository": "CRAN"
    },
    "reshape2": {
      "Package": "reshape2",
      "Version": "1.4.5",
      "Source": "Repository",
      "Repository": "CRAN"
    },
    "rgenoud": {
      "Package": "rgenoud",
      "Version": "5.9-0.11",
      "Source": "Repository",
      "Repository": "CRAN"
    },
    "riskRegression": {
      "Package": "riskRegression",
      "Version": "2026.03.11",
      "Source": "Repository",
      "Repository": "CRAN"
    },
    "rlang": {
      "Package": "rlang",
      "Version": "1.3.0",
      "Source": "Repository",
      "Repository": "CRAN"
    },
    "rmarkdown": {
      "Package": "rmarkdown",
      "Version": "2.32",
      "Source": "Repository",
      "Repository": "CRAN"
    },
    "rms": {
      "Package": "rms",
      "Version": "8.1-1",
      "Source": "Repository",
      "Repository": "CRAN"
    },
    "rpart": {
      "Package": "rpart",
      "Version": "4.1.27",
      "Source": "Repository",
      "Repository": "CRAN"
    },
    "rprojroot": {
      "Package": "rprojroot",
      "Version": "2.1.1",
      "Source": "Repository",
      "Repository": "CRAN"
    },
    "rstudioapi": {
      "Package": "rstudioapi",
      "Version": "0.19.0",
      "Source": "Repository",
      "Repository": "CRAN"
    },
    "s2": {
      "Package": "s2",
      "Version": "1.1.12",
      "Source": "Repository",
      "Repository": "CRAN"
    },
    "S7": {
      "Package": "S7",
      "Version": "0.2.2",
      "Source": "Repository",
      "Repository": "CRAN"
    },
    "sandwich": {
      "Package": "sandwich",
      "Version": "3.1-3",
      "Source": "Repository",
      "Repository": "CRAN"
    },
    "sass": {
      "Package": "sass",
      "Version": "0.4.10",
      "Source": "Repository",
      "Repository": "CRAN"
    },
    "scales": {
      "Package": "scales",
      "Version": "1.4.0",
      "Source": "Repository",
      "Repository": "CRAN"
    },
    "secretbase": {
      "Package": "secretbase",
      "Version": "1.3.0",
      "Source": "Repository",
      "Repository": "CRAN"
    },
    "set6": {
      "Package": "set6",
      "Version": "0.2.6",
      "Source": "GitHub",
      "RemoteType": "github",
      "RemoteHost": "api.github.com",
      "RemoteUsername": "mlr-org",
      "RemoteRepo": "set6",
      "RemoteRef": "10ca8212b71c1e03aaed51fb98ab30ce17da3882",
      "RemoteSha": "10ca8212b71c1e03aaed51fb98ab30ce17da3882"
    },
    "sf": {
      "Package": "sf",
      "Version": "1.1-3",
      "Source": "Repository",
      "Repository": "CRAN"
    },
    "shape": {
      "Package": "shape",
      "Version": "1.4.6.1",
      "Source": "Repository",
      "Repository": "CRAN"
    },
    "shiny": {
      "Package": "shiny",
      "Version": "1.14.0",
      "Source": "Repository",
      "Repository": "RSPM"
    },
    "shinybusy": {
      "Package": "shinybusy",
      "Version": "0.3.3",
      "Source": "Repository",
      "Repository": "RSPM"
    },
    "sourcetools": {
      "Package": "sourcetools",
      "Version": "0.1.7-2",
      "Source": "Repository",
      "Repository": "RSPM"
    },
    "sp": {
      "Package": "sp",
      "Version": "2.2-3",
      "Source": "Repository",
      "Repository": "CRAN"
    },
    "spacefillr": {
      "Package": "spacefillr",
      "Version": "0.4.0",
      "Source": "Repository",
      "Repository": "CRAN"
    },
    "SparseM": {
      "Package": "SparseM",
      "Version": "1.84-2",
      "Source": "Repository",
      "Repository": "CRAN"
    },
    "sparsevctrs": {
      "Package": "sparsevctrs",
      "Version": "0.3.6",
      "Source": "Repository",
      "Repository": "CRAN"
    },
    "SQUAREM": {
      "Package": "SQUAREM",
      "Version": "2026.1",
      "Source": "Repository",
      "Repository": "CRAN"
    },
    "stringfish": {
      "Package": "stringfish",
      "Version": "0.19.2",
      "Source": "Repository",
      "Repository": "CRAN"
    },
    "stringi": {
      "Package": "stringi",
      "Version": "1.8.9",
      "Source": "Repository",
      "Repository": "CRAN"
    },
    "stringr": {
      "Package": "stringr",
      "Version": "1.6.0",
      "Source": "Repository",
      "Repository": "CRAN"
    },
    "survdistr": {
      "Package": "survdistr",
      "Version": "0.0.3",
      "Source": "Repository",
      "Repository": "CRAN"
    },
    "survival": {
      "Package": "survival",
      "Version": "3.8-12",
      "Source": "Repository",
      "Repository": "CRAN"
    },
    "tarchetypes": {
      "Package": "tarchetypes",
      "Version": "0.14.1",
      "Source": "Repository",
      "Repository": "CRAN"
    },
    "targets": {
      "Package": "targets",
      "Version": "1.12.0",
      "Source": "Repository",
      "Repository": "CRAN"
    },
    "terra": {
      "Package": "terra",
      "Version": "1.9-50",
      "Source": "Repository",
      "Repository": "CRAN"
    },
    "testthat": {
      "Package": "testthat",
      "Version": "3.3.2",
      "Source": "Repository",
      "Repository": "CRAN"
    },
    "TH.data": {
      "Package": "TH.data",
      "Version": "1.1-5",
      "Source": "Repository",
      "Repository": "CRAN"
    },
    "tibble": {
      "Package": "tibble",
      "Version": "3.3.1",
      "Source": "Repository",
      "Repository": "CRAN"
    },
    "tidyr": {
      "Package": "tidyr",
      "Version": "1.3.2",
      "Source": "Repository",
      "Repository": "CRAN"
    },
    "tidyselect": {
      "Package": "tidyselect",
      "Version": "1.2.1",
      "Source": "Repository",
      "Repository": "CRAN"
    },
    "tidyterra": {
      "Package": "tidyterra",
      "Version": "1.3.0",
      "Source": "Repository",
      "Repository": "CRAN"
    },
    "timechange": {
      "Package": "timechange",
      "Version": "0.4.0",
      "Source": "Repository",
      "Repository": "CRAN"
    },
    "timeDate": {
      "Package": "timeDate",
      "Version": "4052.112",
      "Source": "Repository",
      "Repository": "CRAN"
    },
    "timereg": {
      "Package": "timereg",
      "Version": "2.0.7",
      "Source": "Repository",
      "Repository": "CRAN"
    },
    "tinytex": {
      "Package": "tinytex",
      "Version": "0.60",
      "Source": "Repository",
      "Repository": "CRAN"
    },
    "twosamples": {
      "Package": "twosamples",
      "Version": "2.0.1",
      "Source": "Repository",
      "Repository": "CRAN"
    },
    "tzdb": {
      "Package": "tzdb",
      "Version": "0.5.0",
      "Source": "Repository",
      "Repository": "CRAN"
    },
    "units": {
      "Package": "units",
      "Version": "1.0-1",
      "Source": "Repository",
      "Repository": "CRAN"
    },
    "utf8": {
      "Package": "utf8",
      "Version": "1.2.6",
      "Source": "Repository",
      "Repository": "CRAN"
    },
    "uuid": {
      "Package": "uuid",
      "Version": "1.2-2",
      "Source": "Repository",
      "Repository": "CRAN"
    },
    "uvr": {
      "Package": "uvr",
      "Version": "0.1.2",
      "Source": "Repository",
      "Repository": "CRAN"
    },
    "V8": {
      "Package": "V8",
      "Version": "8.2.0",
      "Source": "Repository",
      "Repository": "RSPM"
    },
    "vctrs": {
      "Package": "vctrs",
      "Version": "0.7.3",
      "Source": "Repository",
      "Repository": "CRAN"
    },
    "viridis": {
      "Package": "viridis",
      "Version": "0.6.5",
      "Source": "Repository",
      "Repository": "CRAN"
    },
    "viridisLite": {
      "Package": "viridisLite",
      "Version": "0.4.3",
      "Source": "Repository",
      "Repository": "CRAN"
    },
    "waldo": {
      "Package": "waldo",
      "Version": "0.6.2",
      "Source": "Repository",
      "Repository": "CRAN"
    },
    "withr": {
      "Package": "withr",
      "Version": "3.0.3",
      "Source": "Repository",
      "Repository": "CRAN"
    },
    "wk": {
      "Package": "wk",
      "Version": "0.9.5",
      "Source": "Repository",
      "Repository": "CRAN"
    },
    "xfun": {
      "Package": "xfun",
      "Version": "0.60",
      "Source": "Repository",
      "Repository": "CRAN"
    },
    "xgboost": {
      "Package": "xgboost",
      "Version": "3.2.1.1",
      "Source": "Repository",
      "Repository": "CRAN"
    },
    "xml2": {
      "Package": "xml2",
      "Version": "1.6.0",
      "Source": "Repository",
      "Repository": "RSPM"
    },
    "xtable": {
      "Package": "xtable",
      "Version": "1.8-8",
      "Source": "Repository",
      "Repository": "RSPM"
    },
    "yaml": {
      "Package": "yaml",
      "Version": "2.3.12",
      "Source": "Repository",
      "Repository": "CRAN"
    },
    "zoo": {
      "Package": "zoo",
      "Version": "1.9-0",
      "Source": "Repository",
      "Repository": "CRAN"
    }
  }
}
