[r]
version = "4.6.0"

[[package]]
name = "DBI"
version = "1.3.0"
source = "cran"
raw_version = "1.3.0"
url = "https://cran.r-project.org/src/contrib/DBI_1.3.0.tar.gz"
checksum = "md5:ce5e3153cc7395a2aac452db1099d003"

[[package]]
name = "KernSmooth"
version = "2.23.27"
source = "cran"
raw_version = "2.23-27"
url = "https://cran.r-project.org/src/contrib/KernSmooth_2.23-27.tar.gz"
checksum = "md5:fcb00c7502387107c125ca4ca6382139"

[[package]]
name = "Rcpp"
version = "1.1.2"
source = "cran"
raw_version = "1.1.2"
url = "https://cran.r-project.org/src/contrib/Rcpp_1.1.2.tar.gz"
checksum = "md5:353d35176db9c570705a0a324c06fdca"

[[package]]
name = "class"
version = "7.3.24"
source = "cran"
raw_version = "7.3-24"
url = "https://cran.r-project.org/src/contrib/class_7.3-24.tar.gz"
checksum = "md5:4c34ed21d30eadd51157e05ff34f79f2"

[[package]]
name = "classInt"
version = "0.4.11"
source = "cran"
raw_version = "0.4-11"
url = "https://cran.r-project.org/src/contrib/classInt_0.4-11.tar.gz"
checksum = "md5:ef2a4750f70e32d9d8838a00f144df2e"
requires = [
    "e1071",
    "class",
    "KernSmooth",
]

[[package]]
name = "e1071"
version = "1.7.17"
source = "cran"
raw_version = "1.7-17"
url = "https://cran.r-project.org/src/contrib/e1071_1.7-17.tar.gz"
checksum = "md5:7e8d521ac6b3a92c7e1888dbb8e59c47"
requires = [
    "class",
    "proxy",
]

[[package]]
name = "exactextractr"
version = "0.10.1"
source = "cran"
raw_version = "0.10.1"
url = "https://cran.r-project.org/src/contrib/exactextractr_0.10.1.tar.gz"
checksum = "md5:72464b4133d6ccee0c5a6c4c27febfaa"
requires = [
    "Rcpp",
    "raster",
    "sf",
    "Rcpp",
]

[[package]]
name = "lattice"
version = "0.23.1"
source = "cran"
raw_version = "0.23-1"
url = "https://cran.r-project.org/src/contrib/lattice_0.23-1.tar.gz"
checksum = "md5:e449ab6441f74836e93869dd34cdf3ba"

[[package]]
name = "proxy"
version = "0.4.29"
source = "cran"
raw_version = "0.4-29"
url = "https://cran.r-project.org/src/contrib/proxy_0.4-29.tar.gz"
checksum = "md5:1180e4455fdadb2267aa62512a06b079"

[[package]]
name = "raster"
version = "3.6.32"
source = "cran"
raw_version = "3.6-32"
url = "https://cran.r-project.org/src/contrib/raster_3.6-32.tar.gz"
checksum = "md5:83f16331a25805fdcccabee2b97f4bca"
requires = [
    "sp",
    "Rcpp",
    "terra",
    "Rcpp",
]

[[package]]
name = "s2"
version = "1.1.11"
source = "cran"
raw_version = "1.1.11"
url = "https://cran.r-project.org/src/contrib/s2_1.1.11.tar.gz"
checksum = "md5:864f4ab39253987f1ac54a26762672c8"
requires = [
    "Rcpp",
    "wk",
    "Rcpp",
    "wk",
]

[[package]]
name = "sf"
version = "1.1.2"
source = "cran"
raw_version = "1.1-2"
url = "https://cran.r-project.org/src/contrib/sf_1.1-2.tar.gz"
checksum = "md5:565438ff8c7c034f792351e1d7274d93"
requires = [
    "classInt",
    "DBI",
    "s2",
    "units",
    "Rcpp",
]

[[package]]
name = "sp"
version = "2.2.3"
source = "cran"
raw_version = "2.2-3"
url = "https://cran.r-project.org/src/contrib/sp_2.2-3.tar.gz"
checksum = "md5:727d54966fbfdd2a644748a1a733f483"
requires = ["lattice"]

[[package]]
name = "terra"
version = "1.9.34"
source = "cran"
raw_version = "1.9-34"
url = "https://cran.r-project.org/src/contrib/terra_1.9-34.tar.gz"
checksum = "md5:6ebdff28ed268f9a19696015d6d501e0"
requires = [
    "Rcpp",
    "Rcpp",
]

[[package]]
name = "units"
version = "1.0.1"
source = "cran"
raw_version = "1.0-1"
url = "https://cran.r-project.org/src/contrib/units_1.0-1.tar.gz"
checksum = "md5:6aeee90a7f0b2f63a37f69407bbcca63"
requires = [
    "Rcpp",
    "Rcpp",
]

[[package]]
name = "wk"
version = "0.9.5"
source = "cran"
raw_version = "0.9.5"
url = "https://cran.r-project.org/src/contrib/wk_0.9.5.tar.gz"
checksum = "md5:2f70ad0274a5d83a8a9de1dfe85da0ea"
